<?xml version="1.0" encoding="utf-8"?>
<Project ToolsVersion="4.0" xmlns="http://schemas.microsoft.com/developer/msbuild/2003">
  <ItemGroup>
    <Filter Include="Source Files">
      <UniqueIdentifier>{4FC737F1-C7A5-4376-A066-2A32D752A2FF}</UniqueIdentifier>
      <Extensions>cpp;c;cc;cxx;def;odl;idl;hpj;bat;asm;asmx</Extensions>
    </Filter>
    <Filter Include="Header Files">
      <UniqueIdentifier>{93995380-89BD-4b04-88EB-625FBE52EBFB}</UniqueIdentifier>
      <Extensions>h;hpp;hxx;hm;inl;inc;xsd</Extensions>
    </Filter>
    <Filter Include="Resource Files">
      <UniqueIdentifier>{67DA6AB6-F800-4c08-8B7A-83BB121AAD01}</UniqueIdentifier>
      <Extensions>rc;ico;cur;bmp;dlg;rc2;rct;bin;rgs;gif;jpg;jpeg;jpe;resx;tiff;tif;png;wav;mfcribbon-ms</Extensions>
    </Filter>
  </ItemGroup>
  <ItemGroup>
    <ClCompile Include="MainGameLoop.cpp">
      <Filter>Source Files</Filter>
    </ClCompile>
    <ClCompile Include="Object.cpp">
      <Filter>Source Files</Filter>
    </ClCompile>
    <ClCompile Include="ImportMaps.cpp">
      <Filter>Source Files</Filter>
    </ClCompile>
    <ClCompile Include="RoomController.cpp">
      <Filter>Source Files</Filter>
    </ClCompile>
    <ClCompile Include="PlayerMovement.cpp">
      <Filter>Source Files</Filter>
    </ClCompile>
    <ClCompile Include="PuzzleObjects.cpp">
      <Filter>Source Files</Filter>
    </ClCompile>
    <ClCompile Include="CreateObject.cpp">
      <Filter>Source Files</Filter>
    </ClCompile>
    <ClCompile Include="Interactions.cpp">
      <Filter>Source Files</Filter>
    </ClCompile>
    <ClCompile Include="MazeFilter.cpp">
      <Filter>Source Files</Filter>
    </ClCompile>
    <ClCompile Include="DrawWindows.cpp">
      <Filter>Source Files</Filter>
    </ClCompile>
  </ItemGroup>
  <ItemGroup>
    <ClInclude Include="Object.h">
      <Filter>Source Files</Filter>
    </ClInclude>
    <ClInclude Include="GlobalVars.h">
      <Filter>Source Files</Filter>
    </ClInclude>
    <ClInclude Include="ImportMaps.h">
      <Filter>Source Files</Filter>
    </ClInclude>
    <ClInclude Include="RoomController.h">
      <Filter>Source Files</Filter>
    </ClInclude>
    <ClInclude Include="PlayerMovement.h">
      <Filter>Source Files</Filter>
    </ClInclude>
    <ClInclude Include="CreateObject.h">
      <Filter>Source Files</Filter>
    </ClInclude>
    <ClInclude Include="Interactions.h">
      <Filter>Source Files</Filter>
    </ClInclude>
    <ClInclude Include="PuzzleObjects.h">
      <Filter>Source Files</Filter>
    </ClInclude>
    <ClInclude Include="MazeFilter.h">
      <Filter>Source Files</Filter>
    </ClInclude>
    <ClInclude Include="DrawWindows.h">
      <Filter>Source Files</Filter>
    </ClInclude>
    <ClInclude Include="resource.h">
      <Filter>Header Files</Filter>
    </ClInclude>
  </ItemGroup>
  <ItemGroup>
    <None Include="Assets\SpriteSheet.txt">
      <Filter>Source Files</Filter>
    </None>
    <None Include="Maps\FLOOR 0.txt">
      <Filter>Source Files</Filter>
    </None>
    <None Include="Maps\playerhouseentrance.txt">
      <Filter>Source Files</Filter>
    </None>
    <None Include="Assets\TowerBackground.txt">
      <Filter>Source Files</Filter>
    </None>
    <None Include="..\Release\Castellum.ico">
      <Filter>Resource Files</Filter>
    </None>
  </ItemGroup>
  <ItemGroup>
    <ResourceCompile Include="Icon.rc">
      <Filter>Resource Files</Filter>
    </ResourceCompile>
  </ItemGroup>
</Project>